
Microsoft Visual Studio Solution File, Format Version 12.00
# Visual Studio Version 17
VisualStudioVersion = 17.0.31903.59
MinimumVisualStudioVersion = 10.0.40219.1
Project("{2150E333-8FDC-42A3-9474-1A3956D46DE8}") = "src", "src", "{93B304C5-8B9D-41A5-B4CB-2CB3D72AB4A6}"
EndProject
Project("{2150E333-8FDC-42A3-9474-1A3956D46DE8}") = "02-Application", "02-Application", "{A061B274-CE33-44C5-B66E-0BFADAC29756}"
EndProject
Project("{2150E333-8FDC-42A3-9474-1A3956D46DE8}") = "03-Domain", "03-Domain", "{72FFC5BB-1EA6-4E5A-B639-0F96FC2CB23B}"
EndProject
Project("{2150E333-8FDC-42A3-9474-1A3956D46DE8}") = "04-Infrastructure", "04-Infrastructure", "{56A6E121-6B04-472D-A711-F7D5389ACF11}"
EndProject
Project("{2150E333-8FDC-42A3-9474-1A3956D46DE8}") = "test", "test", "{19CECD68-B4DC-43B8-9E25-7D4A3213CDB0}"
EndProject
Project("{2150E333-8FDC-42A3-9474-1A3956D46DE8}") = "01-Presentation", "01-Presentation", "{23E2554D-6E7D-4493-B15C-8BF46A1DF48D}"
EndProject
Project("{9A19103F-16F7-4668-BE54-9A1E7A4F7556}") = "Util.Platform.Domain.Identity", "src\Util.Platform.Domain.Identity\Util.Platform.Domain.Identity.csproj", "{FBC0A32F-56FB-4D9B-BDC3-EED7A2633043}"
EndProject
Project("{9A19103F-16F7-4668-BE54-9A1E7A4F7556}") = "01-Util.Platform.Data", "src\Util.Platform.Data\01-Util.Platform.Data.csproj", "{1D2E4BD1-DA8C-4E53-95D8-3611ED872BA7}"
EndProject
Project("{9A19103F-16F7-4668-BE54-9A1E7A4F7556}") = "02-Util.Platform.Data.SqlServer", "src\Util.Platform.Data.SqlServer\02-Util.Platform.Data.SqlServer.csproj", "{C336D82B-B63E-4589-8496-C556A219C48E}"
EndProject
Project("{9A19103F-16F7-4668-BE54-9A1E7A4F7556}") = "01-Util.Platform.Tests.Share", "test\Util.Platform.Tests.Share\01-Util.Platform.Tests.Share.csproj", "{96BD8C9E-DB8D-4F54-846C-33861A275FF4}"
EndProject
Project("{9A19103F-16F7-4668-BE54-9A1E7A4F7556}") = "04-Util.Platform.Data.SqlServer.Tests", "test\Util.Platform.Data.SqlServer.Tests\04-Util.Platform.Data.SqlServer.Tests.csproj", "{676967DA-C791-4FCB-83AB-47C64E813B20}"
EndProject
Project("{9A19103F-16F7-4668-BE54-9A1E7A4F7556}") = "03-Util.Platform.Data.PgSql", "src\Util.Platform.Data.PgSql\03-Util.Platform.Data.PgSql.csproj", "{22E6B8A1-8E86-4116-A5EA-1F1DAD97AE91}"
EndProject
Project("{9A19103F-16F7-4668-BE54-9A1E7A4F7556}") = "05-Util.Platform.Data.PgSql.Tests", "test\Util.Platform.Data.PgSql.Tests\05-Util.Platform.Data.PgSql.Tests.csproj", "{D4733B3B-2E52-464D-A7E9-79BB1D1EFA84}"
EndProject
Project("{9A19103F-16F7-4668-BE54-9A1E7A4F7556}") = "Util.Platform.Application", "src\Util.Platform.Application\Util.Platform.Application.csproj", "{8AF49475-16C8-472D-BFA5-D807515D34AB}"
EndProject
Project("{9A19103F-16F7-4668-BE54-9A1E7A4F7556}") = "03-Util.Platform.Application.Tests", "test\Util.Platform.Application.Tests\03-Util.Platform.Application.Tests.csproj", "{BF39FD1A-06C6-4246-9B56-E2403CC2228F}"
EndProject
Project("{9A19103F-16F7-4668-BE54-9A1E7A4F7556}") = "Util.Platform.Api", "src\Util.Platform.Api\Util.Platform.Api.csproj", "{00DCAD98-3BF3-40D9-9A2F-09D0E3F50F84}"
EndProject
Project("{9A19103F-16F7-4668-BE54-9A1E7A4F7556}") = "02-Util.Platform.Api.Tests", "test\Util.Platform.Api.Tests\02-Util.Platform.Api.Tests.csproj", "{01E09243-2C89-42B0-A84C-99FB89E47891}"
EndProject
Project("{9A19103F-16F7-4668-BE54-9A1E7A4F7556}") = "01-Util.Platform.Ui.Main", "src\Util.Platform.Ui.Main\01-Util.Platform.Ui.Main.csproj", "{0DDF8B13-6B0F-419B-9D7C-DED801BC26C0}"
EndProject
Project("{9A19103F-16F7-4668-BE54-9A1E7A4F7556}") = "02-Util.Platform.Ui.Identity", "src\Util.Platform.Ui.Identity\02-Util.Platform.Ui.Identity.csproj", "{7D7B81D5-027C-4738-A534-9F820A69F2F8}"
EndProject
Global
	GlobalSection(SolutionConfigurationPlatforms) = preSolution
		Debug|Any CPU = Debug|Any CPU
		Release|Any CPU = Release|Any CPU
	EndGlobalSection
	GlobalSection(ProjectConfigurationPlatforms) = postSolution
		{FBC0A32F-56FB-4D9B-BDC3-EED7A2633043}.Debug|Any CPU.ActiveCfg = Debug|Any CPU
		{FBC0A32F-56FB-4D9B-BDC3-EED7A2633043}.Debug|Any CPU.Build.0 = Debug|Any CPU
		{FBC0A32F-56FB-4D9B-BDC3-EED7A2633043}.Release|Any CPU.ActiveCfg = Release|Any CPU
		{FBC0A32F-56FB-4D9B-BDC3-EED7A2633043}.Release|Any CPU.Build.0 = Release|Any CPU
		{1D2E4BD1-DA8C-4E53-95D8-3611ED872BA7}.Debug|Any CPU.ActiveCfg = Debug|Any CPU
		{1D2E4BD1-DA8C-4E53-95D8-3611ED872BA7}.Debug|Any CPU.Build.0 = Debug|Any CPU
		{1D2E4BD1-DA8C-4E53-95D8-3611ED872BA7}.Release|Any CPU.ActiveCfg = Release|Any CPU
		{1D2E4BD1-DA8C-4E53-95D8-3611ED872BA7}.Release|Any CPU.Build.0 = Release|Any CPU
		{C336D82B-B63E-4589-8496-C556A219C48E}.Debug|Any CPU.ActiveCfg = Debug|Any CPU
		{C336D82B-B63E-4589-8496-C556A219C48E}.Debug|Any CPU.Build.0 = Debug|Any CPU
		{C336D82B-B63E-4589-8496-C556A219C48E}.Release|Any CPU.ActiveCfg = Release|Any CPU
		{C336D82B-B63E-4589-8496-C556A219C48E}.Release|Any CPU.Build.0 = Release|Any CPU
		{96BD8C9E-DB8D-4F54-846C-33861A275FF4}.Debug|Any CPU.ActiveCfg = Debug|Any CPU
		{96BD8C9E-DB8D-4F54-846C-33861A275FF4}.Debug|Any CPU.Build.0 = Debug|Any CPU
		{96BD8C9E-DB8D-4F54-846C-33861A275FF4}.Release|Any CPU.ActiveCfg = Release|Any CPU
		{96BD8C9E-DB8D-4F54-846C-33861A275FF4}.Release|Any CPU.Build.0 = Release|Any CPU
		{676967DA-C791-4FCB-83AB-47C64E813B20}.Debug|Any CPU.ActiveCfg = Debug|Any CPU
		{676967DA-C791-4FCB-83AB-47C64E813B20}.Debug|Any CPU.Build.0 = Debug|Any CPU
		{676967DA-C791-4FCB-83AB-47C64E813B20}.Release|Any CPU.ActiveCfg = Release|Any CPU
		{676967DA-C791-4FCB-83AB-47C64E813B20}.Release|Any CPU.Build.0 = Release|Any CPU
		{22E6B8A1-8E86-4116-A5EA-1F1DAD97AE91}.Debug|Any CPU.ActiveCfg = Debug|Any CPU
		{22E6B8A1-8E86-4116-A5EA-1F1DAD97AE91}.Debug|Any CPU.Build.0 = Debug|Any CPU
		{22E6B8A1-8E86-4116-A5EA-1F1DAD97AE91}.Release|Any CPU.ActiveCfg = Release|Any CPU
		{22E6B8A1-8E86-4116-A5EA-1F1DAD97AE91}.Release|Any CPU.Build.0 = Release|Any CPU
		{D4733B3B-2E52-464D-A7E9-79BB1D1EFA84}.Debug|Any CPU.ActiveCfg = Debug|Any CPU
		{D4733B3B-2E52-464D-A7E9-79BB1D1EFA84}.Debug|Any CPU.Build.0 = Debug|Any CPU
		{D4733B3B-2E52-464D-A7E9-79BB1D1EFA84}.Release|Any CPU.ActiveCfg = Release|Any CPU
		{D4733B3B-2E52-464D-A7E9-79BB1D1EFA84}.Release|Any CPU.Build.0 = Release|Any CPU
		{8AF49475-16C8-472D-BFA5-D807515D34AB}.Debug|Any CPU.ActiveCfg = Debug|Any CPU
		{8AF49475-16C8-472D-BFA5-D807515D34AB}.Debug|Any CPU.Build.0 = Debug|Any CPU
		{8AF49475-16C8-472D-BFA5-D807515D34AB}.Release|Any CPU.ActiveCfg = Release|Any CPU
		{8AF49475-16C8-472D-BFA5-D807515D34AB}.Release|Any CPU.Build.0 = Release|Any CPU
		{BF39FD1A-06C6-4246-9B56-E2403CC2228F}.Debug|Any CPU.ActiveCfg = Debug|Any CPU
		{BF39FD1A-06C6-4246-9B56-E2403CC2228F}.Debug|Any CPU.Build.0 = Debug|Any CPU
		{BF39FD1A-06C6-4246-9B56-E2403CC2228F}.Release|Any CPU.ActiveCfg = Release|Any CPU
		{BF39FD1A-06C6-4246-9B56-E2403CC2228F}.Release|Any CPU.Build.0 = Release|Any CPU
		{00DCAD98-3BF3-40D9-9A2F-09D0E3F50F84}.Debug|Any CPU.ActiveCfg = Debug|Any CPU
		{00DCAD98-3BF3-40D9-9A2F-09D0E3F50F84}.Debug|Any CPU.Build.0 = Debug|Any CPU
		{00DCAD98-3BF3-40D9-9A2F-09D0E3F50F84}.Release|Any CPU.ActiveCfg = Release|Any CPU
		{00DCAD98-3BF3-40D9-9A2F-09D0E3F50F84}.Release|Any CPU.Build.0 = Release|Any CPU
		{01E09243-2C89-42B0-A84C-99FB89E47891}.Debug|Any CPU.ActiveCfg = Debug|Any CPU
		{01E09243-2C89-42B0-A84C-99FB89E47891}.Debug|Any CPU.Build.0 = Debug|Any CPU
		{01E09243-2C89-42B0-A84C-99FB89E47891}.Release|Any CPU.ActiveCfg = Release|Any CPU
		{01E09243-2C89-42B0-A84C-99FB89E47891}.Release|Any CPU.Build.0 = Release|Any CPU
		{0DDF8B13-6B0F-419B-9D7C-DED801BC26C0}.Debug|Any CPU.ActiveCfg = Debug|Any CPU
		{0DDF8B13-6B0F-419B-9D7C-DED801BC26C0}.Debug|Any CPU.Build.0 = Debug|Any CPU
		{0DDF8B13-6B0F-419B-9D7C-DED801BC26C0}.Release|Any CPU.ActiveCfg = Release|Any CPU
		{0DDF8B13-6B0F-419B-9D7C-DED801BC26C0}.Release|Any CPU.Build.0 = Release|Any CPU
		{7D7B81D5-027C-4738-A534-9F820A69F2F8}.Debug|Any CPU.ActiveCfg = Debug|Any CPU
		{7D7B81D5-027C-4738-A534-9F820A69F2F8}.Debug|Any CPU.Build.0 = Debug|Any CPU
		{7D7B81D5-027C-4738-A534-9F820A69F2F8}.Release|Any CPU.ActiveCfg = Release|Any CPU
		{7D7B81D5-027C-4738-A534-9F820A69F2F8}.Release|Any CPU.Build.0 = Release|Any CPU
	EndGlobalSection
	GlobalSection(SolutionProperties) = preSolution
		HideSolutionNode = FALSE
	EndGlobalSection
	GlobalSection(NestedProjects) = preSolution
		{A061B274-CE33-44C5-B66E-0BFADAC29756} = {93B304C5-8B9D-41A5-B4CB-2CB3D72AB4A6}
		{72FFC5BB-1EA6-4E5A-B639-0F96FC2CB23B} = {93B304C5-8B9D-41A5-B4CB-2CB3D72AB4A6}
		{56A6E121-6B04-472D-A711-F7D5389ACF11} = {93B304C5-8B9D-41A5-B4CB-2CB3D72AB4A6}
		{23E2554D-6E7D-4493-B15C-8BF46A1DF48D} = {93B304C5-8B9D-41A5-B4CB-2CB3D72AB4A6}
		{FBC0A32F-56FB-4D9B-BDC3-EED7A2633043} = {72FFC5BB-1EA6-4E5A-B639-0F96FC2CB23B}
		{1D2E4BD1-DA8C-4E53-95D8-3611ED872BA7} = {56A6E121-6B04-472D-A711-F7D5389ACF11}
		{C336D82B-B63E-4589-8496-C556A219C48E} = {56A6E121-6B04-472D-A711-F7D5389ACF11}
		{96BD8C9E-DB8D-4F54-846C-33861A275FF4} = {19CECD68-B4DC-43B8-9E25-7D4A3213CDB0}
		{676967DA-C791-4FCB-83AB-47C64E813B20} = {19CECD68-B4DC-43B8-9E25-7D4A3213CDB0}
		{22E6B8A1-8E86-4116-A5EA-1F1DAD97AE91} = {56A6E121-6B04-472D-A711-F7D5389ACF11}
		{D4733B3B-2E52-464D-A7E9-79BB1D1EFA84} = {19CECD68-B4DC-43B8-9E25-7D4A3213CDB0}
		{8AF49475-16C8-472D-BFA5-D807515D34AB} = {A061B274-CE33-44C5-B66E-0BFADAC29756}
		{BF39FD1A-06C6-4246-9B56-E2403CC2228F} = {19CECD68-B4DC-43B8-9E25-7D4A3213CDB0}
		{00DCAD98-3BF3-40D9-9A2F-09D0E3F50F84} = {A061B274-CE33-44C5-B66E-0BFADAC29756}
		{01E09243-2C89-42B0-A84C-99FB89E47891} = {19CECD68-B4DC-43B8-9E25-7D4A3213CDB0}
		{0DDF8B13-6B0F-419B-9D7C-DED801BC26C0} = {23E2554D-6E7D-4493-B15C-8BF46A1DF48D}
		{7D7B81D5-027C-4738-A534-9F820A69F2F8} = {23E2554D-6E7D-4493-B15C-8BF46A1DF48D}
	EndGlobalSection
	GlobalSection(ExtensibilityGlobals) = postSolution
		SolutionGuid = {151C087E-875A-41E3-84B1-2E4C06FDEF09}
	EndGlobalSection
EndGlobal
